
Microsoft Visual Studio Solution File, Format Version 12.00
# Visual Studio 14
VisualStudioVersion = 14.0.25420.1
MinimumVisualStudioVersion = 10.0.40219.1
Project("{F2A71F9B-5D33-465A-A702-920D77279786}") = "ReleaseNotesGenerator", "ReleaseNotesGenerator.fsproj", "{2926EBB4-DCDD-441D-A6C5-6D1AC1B4962D}"
EndProject
Project("{2150E333-8FDC-42A3-9474-1A3956D46DE8}") = "SolutionItems", "SolutionItems", "{7EEC79CE-247F-44AA-A8FD-9319C7C5DC85}"
	ProjectSection(SolutionItems) = preProject
		..\Appveyor.yml = ..\Appveyor.yml
	EndProjectSection
EndProject
Global
	GlobalSection(SolutionConfigurationPlatforms) = preSolution
		Debug|Any CPU = Debug|Any CPU
		Release|Any CPU = Release|Any CPU
	EndGlobalSection
	GlobalSection(ProjectConfigurationPlatforms) = postSolution
		{2926EBB4-DCDD-441D-A6C5-6D1AC1B4962D}.Debug|Any CPU.ActiveCfg = Debug|Any CPU
		{2926EBB4-DCDD-441D-A6C5-6D1AC1B4962D}.Debug|Any CPU.Build.0 = Debug|Any CPU
		{2926EBB4-DCDD-441D-A6C5-6D1AC1B4962D}.Release|Any CPU.ActiveCfg = Release|Any CPU
		{2926EBB4-DCDD-441D-A6C5-6D1AC1B4962D}.Release|Any CPU.Build.0 = Release|Any CPU
	EndGlobalSection
	GlobalSection(SolutionProperties) = preSolution
		HideSolutionNode = FALSE
	EndGlobalSection
EndGlobal
